
Microsoft Visual Studio Solution File, Format Version 12.00
# Visual Studio Version 16
VisualStudioVersion = 16.0.30104.148
MinimumVisualStudioVersion = 10.0.40219.1
Project("{9A19103F-16F7-4668-BE54-9A1E7A4F7556}") = "hacker-news-angular-v1", "hacker-news-angular-v1.csproj", "{F0A32AC8-63C3-48E6-A498-FE3E807AA4B1}"
EndProject
Project("{FAE04EC0-301F-11D3-BF4B-00C04F79EFBC}") = "hacker-news-angular-v1-tests", "..\hacker-news-angular-v1-tests\hacker-news-angular-v1-tests.csproj", "{4112D621-DA1C-4E95-B68D-64CFBB47B72F}"
EndProject
Global
	GlobalSection(SolutionConfigurationPlatforms) = preSolution
		Debug|Any CPU = Debug|Any CPU
		Release|Any CPU = Release|Any CPU
	EndGlobalSection
	GlobalSection(ProjectConfigurationPlatforms) = postSolution
		{F0A32AC8-63C3-48E6-A498-FE3E807AA4B1}.Debug|Any CPU.ActiveCfg = Debug|Any CPU
		{F0A32AC8-63C3-48E6-A498-FE3E807AA4B1}.Debug|Any CPU.Build.0 = Debug|Any CPU
		{F0A32AC8-63C3-48E6-A498-FE3E807AA4B1}.Release|Any CPU.ActiveCfg = Release|Any CPU
		{F0A32AC8-63C3-48E6-A498-FE3E807AA4B1}.Release|Any CPU.Build.0 = Release|Any CPU
		{4112D621-DA1C-4E95-B68D-64CFBB47B72F}.Debug|Any CPU.ActiveCfg = Debug|Any CPU
		{4112D621-DA1C-4E95-B68D-64CFBB47B72F}.Debug|Any CPU.Build.0 = Debug|Any CPU
		{4112D621-DA1C-4E95-B68D-64CFBB47B72F}.Release|Any CPU.ActiveCfg = Release|Any CPU
		{4112D621-DA1C-4E95-B68D-64CFBB47B72F}.Release|Any CPU.Build.0 = Release|Any CPU
	EndGlobalSection
	GlobalSection(SolutionProperties) = preSolution
		HideSolutionNode = FALSE
	EndGlobalSection
	GlobalSection(ExtensibilityGlobals) = postSolution
		SolutionGuid = {D751DF25-B979-445F-ABAE-57D961D1521D}
	EndGlobalSection
EndGlobal
